
Microsoft Visual Studio Solution File, Format Version 12.00
# Visual Studio 2013
VisualStudioVersion = 12.0.21005.1
MinimumVisualStudioVersion = 10.0.40219.1
Project("{FAE04EC0-301F-11D3-BF4B-00C04F79EFBC}") = "TheHardestGame.GameEngine", "TheHardestGame.GameEngine\TheHardestGame.GameEngine.csproj", "{37E3CCE7-0FFC-423E-BB30-0DC45E85BD3A}"
EndProject
Project("{FAE04EC0-301F-11D3-BF4B-00C04F79EFBC}") = "TheHardestGame.ConsoleUI", "TheHardestGame.ConsoleUI\TheHardestGame.ConsoleUI.csproj", "{67D10081-8907-46A8-81FC-D61BDDF99462}"
	ProjectSection(ProjectDependencies) = postProject
		{37E3CCE7-0FFC-423E-BB30-0DC45E85BD3A} = {37E3CCE7-0FFC-423E-BB30-0DC45E85BD3A}
	EndProjectSection
EndProject
Project("{FAE04EC0-301F-11D3-BF4B-00C04F79EFBC}") = "TheHardestGame.DesktopUI", "TheHardestGame.DesktopUI\TheHardestGame.DesktopUI.csproj", "{8B5B0477-7F11-44CF-B577-6E9895195100}"
	ProjectSection(ProjectDependencies) = postProject
		{37E3CCE7-0FFC-423E-BB30-0DC45E85BD3A} = {37E3CCE7-0FFC-423E-BB30-0DC45E85BD3A}
	EndProjectSection
EndProject
Project("{FAE04EC0-301F-11D3-BF4B-00C04F79EFBC}") = "TheHardestGame.GameEngine.Test", "TheHardestGame.GameEngine.Test\TheHardestGame.GameEngine.Test.csproj", "{2F799241-7CBD-427D-B192-DAE4EBB4CB2A}"
	ProjectSection(ProjectDependencies) = postProject
		{37E3CCE7-0FFC-423E-BB30-0DC45E85BD3A} = {37E3CCE7-0FFC-423E-BB30-0DC45E85BD3A}
	EndProjectSection
EndProject
Global
	GlobalSection(SolutionConfigurationPlatforms) = preSolution
		Debug|Any CPU = Debug|Any CPU
		Release|Any CPU = Release|Any CPU
	EndGlobalSection
	GlobalSection(ProjectConfigurationPlatforms) = postSolution
		{37E3CCE7-0FFC-423E-BB30-0DC45E85BD3A}.Debug|Any CPU.ActiveCfg = Debug|Any CPU
		{37E3CCE7-0FFC-423E-BB30-0DC45E85BD3A}.Debug|Any CPU.Build.0 = Debug|Any CPU
		{37E3CCE7-0FFC-423E-BB30-0DC45E85BD3A}.Release|Any CPU.ActiveCfg = Release|Any CPU
		{37E3CCE7-0FFC-423E-BB30-0DC45E85BD3A}.Release|Any CPU.Build.0 = Release|Any CPU
		{67D10081-8907-46A8-81FC-D61BDDF99462}.Debug|Any CPU.ActiveCfg = Debug|Any CPU
		{67D10081-8907-46A8-81FC-D61BDDF99462}.Debug|Any CPU.Build.0 = Debug|Any CPU
		{67D10081-8907-46A8-81FC-D61BDDF99462}.Release|Any CPU.ActiveCfg = Release|Any CPU
		{67D10081-8907-46A8-81FC-D61BDDF99462}.Release|Any CPU.Build.0 = Release|Any CPU
		{8B5B0477-7F11-44CF-B577-6E9895195100}.Debug|Any CPU.ActiveCfg = Debug|Any CPU
		{8B5B0477-7F11-44CF-B577-6E9895195100}.Debug|Any CPU.Build.0 = Debug|Any CPU
		{8B5B0477-7F11-44CF-B577-6E9895195100}.Release|Any CPU.ActiveCfg = Release|Any CPU
		{8B5B0477-7F11-44CF-B577-6E9895195100}.Release|Any CPU.Build.0 = Release|Any CPU
		{2F799241-7CBD-427D-B192-DAE4EBB4CB2A}.Debug|Any CPU.ActiveCfg = Debug|Any CPU
		{2F799241-7CBD-427D-B192-DAE4EBB4CB2A}.Debug|Any CPU.Build.0 = Debug|Any CPU
		{2F799241-7CBD-427D-B192-DAE4EBB4CB2A}.Release|Any CPU.ActiveCfg = Release|Any CPU
		{2F799241-7CBD-427D-B192-DAE4EBB4CB2A}.Release|Any CPU.Build.0 = Release|Any CPU
	EndGlobalSection
	GlobalSection(SolutionProperties) = preSolution
		HideSolutionNode = FALSE
	EndGlobalSection
EndGlobal
